// !$*UTF8*$!
{
	archiveVersion = 1;
	classes = {
	};
	objectVersion = 48;
	objects = {

/* Begin PBXBuildFile section */
		04008A41217556A2002C79F5 /* AppDelegate.swift in Sources */ = {isa = PBXBuildFile; fileRef = 04008A40217556A2002C79F5 /* AppDelegate.swift */; };
		04008A43217556A2002C79F5 /* LoginViewController.swift in Sources */ = {isa = PBXBuildFile; fileRef = 04008A42217556A2002C79F5 /* LoginViewController.swift */; };
		04008A46217556A2002C79F5 /* Main.storyboard in Resources */ = {isa = PBXBuildFile; fileRef = 04008A44217556A2002C79F5 /* Main.storyboard */; };
		04008A48217556A2002C79F5 /* Assets.xcassets in Resources */ = {isa = PBXBuildFile; fileRef = 04008A47217556A2002C79F5 /* Assets.xcassets */; };
		04008A4B217556A2002C79F5 /* LaunchScreen.storyboard in Resources */ = {isa = PBXBuildFile; fileRef = 04008A49217556A2002C79F5 /* LaunchScreen.storyboard */; };
		04008A56217556A2002C79F5 /* zoneTests.swift in Sources */ = {isa = PBXBuildFile; fileRef = 04008A55217556A2002C79F5 /* zoneTests.swift */; };
		04008A61217556A2002C79F5 /* zoneUITests.swift in Sources */ = {isa = PBXBuildFile; fileRef = 04008A60217556A2002C79F5 /* zoneUITests.swift */; };
		04E14DC0217BFAD60087F402 /* GoogleService-Info.plist in Resources */ = {isa = PBXBuildFile; fileRef = 04E14DBF217BFAD60087F402 /* GoogleService-Info.plist */; };
		04E14DC2217E22EB0087F402 /* RegistryViewController.swift in Sources */ = {isa = PBXBuildFile; fileRef = 04E14DC1217E22EB0087F402 /* RegistryViewController.swift */; };
		04E14DC4217FC0640087F402 /* MainPageViewController.swift in Sources */ = {isa = PBXBuildFile; fileRef = 04E14DC3217FC0640087F402 /* MainPageViewController.swift */; };
		04E14DC5217FC7DA0087F402 /* FirebaseCore.framework in Frameworks */ = {isa = PBXBuildFile; fileRef = 04E14DC6217FC7DA0087F402 /* FirebaseCore.framework */; };
		04FB6251218A38A800731588 /* PersonalProfileViewController.swift in Sources */ = {isa = PBXBuildFile; fileRef = 04FB6250218A38A800731588 /* PersonalProfileViewController.swift */; };
		F82ECBC2B896AB2455AB90B9 /* Pods_zone.framework in Frameworks */ = {isa = PBXBuildFile; fileRef = F52AF02BB280233E9326225D /* Pods_zone.framework */; };
/* End PBXBuildFile section */

/* Begin PBXContainerItemProxy section */
		04008A52217556A2002C79F5 /* PBXContainerItemProxy */ = {
			isa = PBXContainerItemProxy;
			containerPortal = 04008A35217556A2002C79F5 /* Project object */;
			proxyType = 1;
			remoteGlobalIDString = 04008A3C217556A2002C79F5;
			remoteInfo = zone;
		};
		04008A5D217556A2002C79F5 /* PBXContainerItemProxy */ = {
			isa = PBXContainerItemProxy;
			containerPortal = 04008A35217556A2002C79F5 /* Project object */;
			proxyType = 1;
			remoteGlobalIDString = 04008A3C217556A2002C79F5;
			remoteInfo = zone;
		};
/* End PBXContainerItemProxy section */

/* Begin PBXFileReference section */
		04008A3D217556A2002C79F5 /* zone.app */ = {isa = PBXFileReference; explicitFileType = wrapper.application; includeInIndex = 0; path = zone.app; sourceTree = BUILT_PRODUCTS_DIR; };
		04008A40217556A2002C79F5 /* AppDelegate.swift */ = {isa = PBXFileReference; lastKnownFileType = sourcecode.swift; path = AppDelegate.swift; sourceTree = "<group>"; };
		04008A42217556A2002C79F5 /* LoginViewController.swift */ = {isa = PBXFileReference; lastKnownFileType = sourcecode.swift; path = LoginViewController.swift; sourceTree = "<group>"; };
		04008A45217556A2002C79F5 /* Base */ = {isa = PBXFileReference; lastKnownFileType = file.storyboard; name = Base; path = Base.lproj/Main.storyboard; sourceTree = "<group>"; };
		04008A47217556A2002C79F5 /* Assets.xcassets */ = {isa = PBXFileReference; lastKnownFileType = folder.assetcatalog; path = Assets.xcassets; sourceTree = "<group>"; };
		04008A4A217556A2002C79F5 /* Base */ = {isa = PBXFileReference; lastKnownFileType = file.storyboard; name = Base; path = Base.lproj/LaunchScreen.storyboard; sourceTree = "<group>"; };
		04008A4C217556A2002C79F5 /* Info.plist */ = {isa = PBXFileReference; lastKnownFileType = text.plist.xml; path = Info.plist; sourceTree = "<group>"; };
		04008A51217556A2002C79F5 /* zoneTests.xctest */ = {isa = PBXFileReference; explicitFileType = wrapper.cfbundle; includeInIndex = 0; path = zoneTests.xctest; sourceTree = BUILT_PRODUCTS_DIR; };
		04008A55217556A2002C79F5 /* zoneTests.swift */ = {isa = PBXFileReference; lastKnownFileType = sourcecode.swift; path = zoneTests.swift; sourceTree = "<group>"; };
		04008A57217556A2002C79F5 /* Info.plist */ = {isa = PBXFileReference; lastKnownFileType = text.plist.xml; path = Info.plist; sourceTree = "<group>"; };
		04008A5C217556A2002C79F5 /* zoneUITests.xctest */ = {isa = PBXFileReference; explicitFileType = wrapper.cfbundle; includeInIndex = 0; path = zoneUITests.xctest; sourceTree = BUILT_PRODUCTS_DIR; };
		04008A60217556A2002C79F5 /* zoneUITests.swift */ = {isa = PBXFileReference; lastKnownFileType = sourcecode.swift; path = zoneUITests.swift; sourceTree = "<group>"; };
		04008A62217556A2002C79F5 /* Info.plist */ = {isa = PBXFileReference; lastKnownFileType = text.plist.xml; path = Info.plist; sourceTree = "<group>"; };
		04E14DBF217BFAD60087F402 /* GoogleService-Info.plist */ = {isa = PBXFileReference; fileEncoding = 4; lastKnownFileType = text.plist.xml; path = "GoogleService-Info.plist"; sourceTree = SOURCE_ROOT; };
		04E14DC1217E22EB0087F402 /* RegistryViewController.swift */ = {isa = PBXFileReference; lastKnownFileType = sourcecode.swift; path = RegistryViewController.swift; sourceTree = "<group>"; };
		04E14DC3217FC0640087F402 /* MainPageViewController.swift */ = {isa = PBXFileReference; lastKnownFileType = sourcecode.swift; path = MainPageViewController.swift; sourceTree = "<group>"; };
		04E14DC6217FC7DA0087F402 /* FirebaseCore.framework */ = {isa = PBXFileReference; explicitFileType = wrapper.framework; path = FirebaseCore.framework; sourceTree = BUILT_PRODUCTS_DIR; };
		04FB6250218A38A800731588 /* PersonalProfileViewController.swift */ = {isa = PBXFileReference; lastKnownFileType = sourcecode.swift; path = PersonalProfileViewController.swift; sourceTree = "<group>"; };
		1343054B56247B6218583400 /* Pods_zoneTests.framework */ = {isa = PBXFileReference; explicitFileType = wrapper.framework; includeInIndex = 0; path = Pods_zoneTests.framework; sourceTree = BUILT_PRODUCTS_DIR; };
		45F60D13EEF3F9BA63BD5F05 /* Pods-zone.release.xcconfig */ = {isa = PBXFileReference; includeInIndex = 1; lastKnownFileType = text.xcconfig; name = "Pods-zone.release.xcconfig"; path = "Pods/Target Support Files/Pods-zone/Pods-zone.release.xcconfig"; sourceTree = "<group>"; };
		73179BF0E49D9B1E1E382D14 /* Pods-zone.debug.xcconfig */ = {isa = PBXFileReference; includeInIndex = 1; lastKnownFileType = text.xcconfig; name = "Pods-zone.debug.xcconfig"; path = "Pods/Target Support Files/Pods-zone/Pods-zone.debug.xcconfig"; sourceTree = "<group>"; };
		AD07AB8015CCA323FE6BF2FA /* Pods_zoneUITests.framework */ = {isa = PBXFileReference; explicitFileType = wrapper.framework; includeInIndex = 0; path = Pods_zoneUITests.framework; sourceTree = BUILT_PRODUCTS_DIR; };
		F52AF02BB280233E9326225D /* Pods_zone.framework */ = {isa = PBXFileReference; explicitFileType = wrapper.framework; includeInIndex = 0; path = Pods_zone.framework; sourceTree = BUILT_PRODUCTS_DIR; };
/* End PBXFileReference section */

/* Begin PBXFrameworksBuildPhase section */
		04008A3A217556A2002C79F5 /* Frameworks */ = {
			isa = PBXFrameworksBuildPhase;
			buildActionMask = 2147483647;
			files = (
				04E14DC5217FC7DA0087F402 /* FirebaseCore.framework in Frameworks */,
				F82ECBC2B896AB2455AB90B9 /* Pods_zone.framework in Frameworks */,
			);
			runOnlyForDeploymentPostprocessing = 0;
		};
		04008A4E217556A2002C79F5 /* Frameworks */ = {
			isa = PBXFrameworksBuildPhase;
			buildActionMask = 2147483647;
			files = (
			);
			runOnlyForDeploymentPostprocessing = 0;
		};
		04008A59217556A2002C79F5 /* Frameworks */ = {
			isa = PBXFrameworksBuildPhase;
			buildActionMask = 2147483647;
			files = (
			);
			runOnlyForDeploymentPostprocessing = 0;
		};
/* End PBXFrameworksBuildPhase section */

/* Begin PBXGroup section */
		04008A34217556A2002C79F5 = {
			isa = PBXGroup;
			children = (
				04008A3F217556A2002C79F5 /* zone */,
				04008A54217556A2002C79F5 /* zoneTests */,
				04008A5F217556A2002C79F5 /* zoneUITests */,
				04008A3E217556A2002C79F5 /* Products */,
				7CB034C58358725BA6BF509B /* Pods */,
				0A198356995819A41194414D /* Frameworks */,
			);
			sourceTree = "<group>";
		};
		04008A3E217556A2002C79F5 /* Products */ = {
			isa = PBXGroup;
			children = (
				04008A3D217556A2002C79F5 /* zone.app */,
				04008A51217556A2002C79F5 /* zoneTests.xctest */,
				04008A5C217556A2002C79F5 /* zoneUITests.xctest */,
			);
			name = Products;
			sourceTree = "<group>";
		};
		04008A3F217556A2002C79F5 /* zone */ = {
			isa = PBXGroup;
			children = (
				04008A40217556A2002C79F5 /* AppDelegate.swift */,
				04008A44217556A2002C79F5 /* Main.storyboard */,
				04008A47217556A2002C79F5 /* Assets.xcassets */,
				04008A49217556A2002C79F5 /* LaunchScreen.storyboard */,
				04008A4C217556A2002C79F5 /* Info.plist */,
				04E14DBF217BFAD60087F402 /* GoogleService-Info.plist */,
				04008A42217556A2002C79F5 /* LoginViewController.swift */,
				04E14DC1217E22EB0087F402 /* RegistryViewController.swift */,
				04E14DC3217FC0640087F402 /* MainPageViewController.swift */,
				04FB6250218A38A800731588 /* PersonalProfileViewController.swift */,
			);
			path = zone;
			sourceTree = "<group>";
		};
		04008A54217556A2002C79F5 /* zoneTests */ = {
			isa = PBXGroup;
			children = (
				04008A55217556A2002C79F5 /* zoneTests.swift */,
				04008A57217556A2002C79F5 /* Info.plist */,
			);
			path = zoneTests;
			sourceTree = "<group>";
		};
		04008A5F217556A2002C79F5 /* zoneUITests */ = {
			isa = PBXGroup;
			children = (
				04008A60217556A2002C79F5 /* zoneUITests.swift */,
				04008A62217556A2002C79F5 /* Info.plist */,
			);
			path = zoneUITests;
			sourceTree = "<group>";
		};
		0A198356995819A41194414D /* Frameworks */ = {
			isa = PBXGroup;
			children = (
				04E14DC6217FC7DA0087F402 /* FirebaseCore.framework */,
				F52AF02BB280233E9326225D /* Pods_zone.framework */,
				1343054B56247B6218583400 /* Pods_zoneTests.framework */,
				AD07AB8015CCA323FE6BF2FA /* Pods_zoneUITests.framework */,
			);
			name = Frameworks;
			sourceTree = "<group>";
		};
		7CB034C58358725BA6BF509B /* Pods */ = {
			isa = PBXGroup;
			children = (
				73179BF0E49D9B1E1E382D14 /* Pods-zone.debug.xcconfig */,
				45F60D13EEF3F9BA63BD5F05 /* Pods-zone.release.xcconfig */,
			);
			name = Pods;
			sourceTree = "<group>";
		};
/* End PBXGroup section */

/* Begin PBXNativeTarget section */
		04008A3C217556A2002C79F5 /* zone */ = {
			isa = PBXNativeTarget;
			buildConfigurationList = 04008A65217556A2002C79F5 /* Build configuration list for PBXNativeTarget "zone" */;
			buildPhases = (
				416189D35811155BDF287463 /* [CP] Check Pods Manifest.lock */,
				04008A39217556A2002C79F5 /* Sources */,
				04008A3A217556A2002C79F5 /* Frameworks */,
				04008A3B217556A2002C79F5 /* Resources */,
				B835A31291FE21E207929E94 /* [CP] Embed Pods Frameworks */,
			);
			buildRules = (
			);
			dependencies = (
			);
			name = zone;
			productName = zone;
			productReference = 04008A3D217556A2002C79F5 /* zone.app */;
			productType = "com.apple.product-type.application";
		};
		04008A50217556A2002C79F5 /* zoneTests */ = {
			isa = PBXNativeTarget;
			buildConfigurationList = 04008A68217556A2002C79F5 /* Build configuration list for PBXNativeTarget "zoneTests" */;
			buildPhases = (
				04008A4D217556A2002C79F5 /* Sources */,
				04008A4E217556A2002C79F5 /* Frameworks */,
				04008A4F217556A2002C79F5 /* Resources */,
			);
			buildRules = (
			);
			dependencies = (
				04008A53217556A2002C79F5 /* PBXTargetDependency */,
			);
			name = zoneTests;
			productName = zoneTests;
			productReference = 04008A51217556A2002C79F5 /* zoneTests.xctest */;
			productType = "com.apple.product-type.bundle.unit-test";
		};
		04008A5B217556A2002C79F5 /* zoneUITests */ = {
			isa = PBXNativeTarget;
			buildConfigurationList = 04008A6B217556A2002C79F5 /* Build configuration list for PBXNativeTarget "zoneUITests" */;
			buildPhases = (
				04008A58217556A2002C79F5 /* Sources */,
				04008A59217556A2002C79F5 /* Frameworks */,
				04008A5A217556A2002C79F5 /* Resources */,
			);
			buildRules = (
			);
			dependencies = (
				04008A5E217556A2002C79F5 /* PBXTargetDependency */,
			);
			name = zoneUITests;
			productName = zoneUITests;
			productReference = 04008A5C217556A2002C79F5 /* zoneUITests.xctest */;
			productType = "com.apple.product-type.bundle.ui-testing";
		};
/* End PBXNativeTarget section */

/* Begin PBXProject section */
		04008A35217556A2002C79F5 /* Project object */ = {
			isa = PBXProject;
			attributes = {
				LastSwiftUpdateCheck = 0920;
				LastUpgradeCheck = 0920;
				ORGANIZATIONNAME = mac;
				TargetAttributes = {
					04008A3C217556A2002C79F5 = {
						CreatedOnToolsVersion = 9.2;
						ProvisioningStyle = Automatic;
					};
					04008A50217556A2002C79F5 = {
						CreatedOnToolsVersion = 9.2;
						ProvisioningStyle = Automatic;
						TestTargetID = 04008A3C217556A2002C79F5;
					};
					04008A5B217556A2002C79F5 = {
						CreatedOnToolsVersion = 9.2;
						ProvisioningStyle = Automatic;
						TestTargetID = 04008A3C217556A2002C79F5;
					};
				};
			};
			buildConfigurationList = 04008A38217556A2002C79F5 /* Build configuration list for PBXProject "zone" */;
			compatibilityVersion = "Xcode 8.0";
			developmentRegion = en;
			hasScannedForEncodings = 0;
			knownRegions = (
				en,
				Base,
			);
			mainGroup = 04008A34217556A2002C79F5;
			productRefGroup = 04008A3E217556A2002C79F5 /* Products */;
			projectDirPath = "";
			projectRoot = "";
			targets = (
				04008A3C217556A2002C79F5 /* zone */,
				04008A50217556A2002C79F5 /* zoneTests */,
				04008A5B217556A2002C79F5 /* zoneUITests */,
			);
		};
/* End PBXProject section */

/* Begin PBXResourcesBuildPhase section */
		04008A3B217556A2002C79F5 /* Resources */ = {
			isa = PBXResourcesBuildPhase;
			buildActionMask = 2147483647;
			files = (
				04008A4B217556A2002C79F5 /* LaunchScreen.storyboard in Resources */,
				04E14DC0217BFAD60087F402 /* GoogleService-Info.plist in Resources */,
				04008A48217556A2002C79F5 /* Assets.xcassets in Resources */,
				04008A46217556A2002C79F5 /* Main.storyboard in Resources */,
			);
			runOnlyForDeploymentPostprocessing = 0;
		};
		04008A4F217556A2002C79F5 /* Resources */ = {
			isa = PBXResourcesBuildPhase;
			buildActionMask = 2147483647;
			files = (
			);
			runOnlyForDeploymentPostprocessing = 0;
		};
		04008A5A217556A2002C79F5 /* Resources */ = {
			isa = PBXResourcesBuildPhase;
			buildActionMask = 2147483647;
			files = (
			);
			runOnlyForDeploymentPostprocessing = 0;
		};
/* End PBXResourcesBuildPhase section */

/* Begin PBXShellScriptBuildPhase section */
		416189D35811155BDF287463 /* [CP] Check Pods Manifest.lock */ = {
			isa = PBXShellScriptBuildPhase;
			buildActionMask = 2147483647;
			files = (
			);
			inputPaths = (
				"${PODS_PODFILE_DIR_PATH}/Podfile.lock",
				"${PODS_ROOT}/Manifest.lock",
			);
			name = "[CP] Check Pods Manifest.lock";
			outputPaths = (
				"$(DERIVED_FILE_DIR)/Pods-zone-checkManifestLockResult.txt",
			);
			runOnlyForDeploymentPostprocessing = 0;
			shellPath = /bin/sh;
			shellScript = "diff \"${PODS_PODFILE_DIR_PATH}/Podfile.lock\" \"${PODS_ROOT}/Manifest.lock\" > /dev/null\nif [ $? != 0 ] ; then\n    # print error to STDERR\n    echo \"error: The sandbox is not in sync with the Podfile.lock. Run 'pod install' or update your CocoaPods installation.\" >&2\n    exit 1\nfi\n# This output is used by Xcode 'outputs' to avoid re-running this script phase.\necho \"SUCCESS\" > \"${SCRIPT_OUTPUT_FILE_0}\"\n";
			showEnvVarsInLog = 0;
		};
		B835A31291FE21E207929E94 /* [CP] Embed Pods Frameworks */ = {
			isa = PBXShellScriptBuildPhase;
			buildActionMask = 2147483647;
			files = (
			);
			inputPaths = (
				"${SRCROOT}/Pods/Target Support Files/Pods-zone/Pods-zone-frameworks.sh",
				"${BUILT_PRODUCTS_DIR}/GTMSessionFetcher/GTMSessionFetcher.framework",
				"${BUILT_PRODUCTS_DIR}/GoogleUtilities/GoogleUtilities.framework",
				"${BUILT_PRODUCTS_DIR}/leveldb-library/leveldb.framework",
				"${BUILT_PRODUCTS_DIR}/nanopb/nanopb.framework",
			);
			name = "[CP] Embed Pods Frameworks";
			outputPaths = (
				"${TARGET_BUILD_DIR}/${FRAMEWORKS_FOLDER_PATH}/GTMSessionFetcher.framework",
				"${TARGET_BUILD_DIR}/${FRAMEWORKS_FOLDER_PATH}/GoogleUtilities.framework",
				"${TARGET_BUILD_DIR}/${FRAMEWORKS_FOLDER_PATH}/leveldb.framework",
				"${TARGET_BUILD_DIR}/${FRAMEWORKS_FOLDER_PATH}/nanopb.framework",
			);
			runOnlyForDeploymentPostprocessing = 0;
			shellPath = /bin/sh;
			shellScript = "\"${SRCROOT}/Pods/Target Support Files/Pods-zone/Pods-zone-frameworks.sh\"\n";
			showEnvVarsInLog = 0;
		};
/* End PBXShellScriptBuildPhase section */

/* Begin PBXSourcesBuildPhase section */
		04008A39217556A2002C79F5 /* Sources */ = {
			isa = PBXSourcesBuildPhase;
			buildActionMask = 2147483647;
			files = (
				04008A43217556A2002C79F5 /* LoginViewController.swift in Sources */,
				04FB6251218A38A800731588 /* PersonalProfileViewController.swift in Sources */,
				04E14DC4217FC0640087F402 /* MainPageViewController.swift in Sources */,
				04E14DC2217E22EB0087F402 /* RegistryViewController.swift in Sources */,
				04008A41217556A2002C79F5 /* AppDelegate.swift in Sources */,
			);
			runOnlyForDeploymentPostprocessing = 0;
		};
		04008A4D217556A2002C79F5 /* Sources */ = {
			isa = PBXSourcesBuildPhase;
			buildActionMask = 2147483647;
			files = (
				04008A56217556A2002C79F5 /* zoneTests.swift in Sources */,
			);
			runOnlyForDeploymentPostprocessing = 0;
		};
		04008A58217556A2002C79F5 /* Sources */ = {
			isa = PBXSourcesBuildPhase;
			buildActionMask = 2147483647;
			files = (
				04008A61217556A2002C79F5 /* zoneUITests.swift in Sources */,
			);
			runOnlyForDeploymentPostprocessing = 0;
		};
/* End PBXSourcesBuildPhase section */

/* Begin PBXTargetDependency section */
		04008A53217556A2002C79F5 /* PBXTargetDependency */ = {
			isa = PBXTargetDependency;
			target = 04008A3C217556A2002C79F5 /* zone */;
			targetProxy = 04008A52217556A2002C79F5 /* PBXContainerItemProxy */;
		};
		04008A5E217556A2002C79F5 /* PBXTargetDependency */ = {
			isa = PBXTargetDependency;
			target = 04008A3C217556A2002C79F5 /* zone */;
			targetProxy = 04008A5D217556A2002C79F5 /* PBXContainerItemProxy */;
		};
/* End PBXTargetDependency section */

/* Begin PBXVariantGroup section */
		04008A44217556A2002C79F5 /* Main.storyboard */ = {
			isa = PBXVariantGroup;
			children = (
				04008A45217556A2002C79F5 /* Base */,
			);
			name = Main.storyboard;
			sourceTree = "<group>";
		};
		04008A49217556A2002C79F5 /* LaunchScreen.storyboard */ = {
			isa = PBXVariantGroup;
			children = (
				04008A4A217556A2002C79F5 /* Base */,
			);
			name = LaunchScreen.storyboard;
			sourceTree = "<group>";
		};
/* End PBXVariantGroup section */

/* Begin XCBuildConfiguration section */
		04008A63217556A2002C79F5 /* Debug */ = {
			isa = XCBuildConfiguration;
			buildSettings = {
				ALWAYS_SEARCH_USER_PATHS = NO;
				CLANG_ANALYZER_NONNULL = YES;
				CLANG_ANALYZER_NUMBER_OBJECT_CONVERSION = YES_AGGRESSIVE;
				CLANG_CXX_LANGUAGE_STANDARD = "gnu++14";
				CLANG_CXX_LIBRARY = "libc++";
				CLANG_ENABLE_MODULES = YES;
				CLANG_ENABLE_OBJC_ARC = YES;
				CLANG_WARN_BLOCK_CAPTURE_AUTORELEASING = YES;
				CLANG_WARN_BOOL_CONVERSION = YES;
				CLANG_WARN_COMMA = YES;
				CLANG_WARN_CONSTANT_CONVERSION = YES;
				CLANG_WARN_DIRECT_OBJC_ISA_USAGE = YES_ERROR;
				CLANG_WARN_DOCUMENTATION_COMMENTS = YES;
				CLANG_WARN_EMPTY_BODY = YES;
				CLANG_WARN_ENUM_CONVERSION = YES;
				CLANG_WARN_INFINITE_RECURSION = YES;
				CLANG_WARN_INT_CONVERSION = YES;
				CLANG_WARN_NON_LITERAL_NULL_CONVERSION = YES;
				CLANG_WARN_OBJC_LITERAL_CONVERSION = YES;
				CLANG_WARN_OBJC_ROOT_CLASS = YES_ERROR;
				CLANG_WARN_RANGE_LOOP_ANALYSIS = YES;
				CLANG_WARN_STRICT_PROTOTYPES = YES;
				CLANG_WARN_SUSPICIOUS_MOVE = YES;
				CLANG_WARN_UNGUARDED_AVAILABILITY = YES_AGGRESSIVE;
				CLANG_WARN_UNREACHABLE_CODE = YES;
				CLANG_WARN__DUPLICATE_METHOD_MATCH = YES;
				CODE_SIGN_IDENTITY = "iPhone Developer";
				COPY_PHASE_STRIP = NO;
				DEBUG_INFORMATION_FORMAT = dwarf;
				ENABLE_STRICT_OBJC_MSGSEND = YES;
				ENABLE_TESTABILITY = YES;
				GCC_C_LANGUAGE_STANDARD = gnu11;
				GCC_DYNAMIC_NO_PIC = NO;
				GCC_NO_COMMON_BLOCKS = YES;
				GCC_OPTIMIZATION_LEVEL = 0;
				GCC_PREPROCESSOR_DEFINITIONS = (
					"DEBUG=1",
					"$(inherited)",
				);
				GCC_WARN_64_TO_32_BIT_CONVERSION = YES;
				GCC_WARN_ABOUT_RETURN_TYPE = YES_ERROR;
				GCC_WARN_UNDECLARED_SELECTOR = YES;
				GCC_WARN_UNINITIALIZED_AUTOS = YES_AGGRESSIVE;
				GCC_WARN_UNUSED_FUNCTION = YES;
				GCC_WARN_UNUSED_VARIABLE = YES;
				IPHONEOS_DEPLOYMENT_TARGET = 11.2;
				MTL_ENABLE_DEBUG_INFO = YES;
				ONLY_ACTIVE_ARCH = YES;
				SDKROOT = iphoneos;
				SWIFT_ACTIVE_COMPILATION_CONDITIONS = DEBUG;
				SWIFT_OPTIMIZATION_LEVEL = "-Onone";
			};
			name = Debug;
		};
		04008A64217556A2002C79F5 /* Release */ = {
			isa = XCBuildConfiguration;
			buildSettings = {
				ALWAYS_SEARCH_USER_PATHS = NO;
				CLANG_ANALYZER_NONNULL = YES;
				CLANG_ANALYZER_NUMBER_OBJECT_CONVERSION = YES_AGGRESSIVE;
				CLANG_CXX_LANGUAGE_STANDARD = "gnu++14";
				CLANG_CXX_LIBRARY = "libc++";
				CLANG_ENABLE_MODULES = YES;
				CLANG_ENABLE_OBJC_ARC = YES;
				CLANG_WARN_BLOCK_CAPTURE_AUTORELEASING = YES;
				CLANG_WARN_BOOL_CONVERSION = YES;
				CLANG_WARN_COMMA = YES;
				CLANG_WARN_CONSTANT_CONVERSION = YES;
				CLANG_WARN_DIRECT_OBJC_ISA_USAGE = YES_ERROR;
				CLANG_WARN_DOCUMENTATION_COMMENTS = YES;
				CLANG_WARN_EMPTY_BODY = YES;
				CLANG_WARN_ENUM_CONVERSION = YES;
				CLANG_WARN_INFINITE_RECURSION = YES;
				CLANG_WARN_INT_CONVERSION = YES;
				CLANG_WARN_NON_LITERAL_NULL_CONVERSION = YES;
				CLANG_WARN_OBJC_LITERAL_CONVERSION = YES;
				CLANG_WARN_OBJC_ROOT_CLASS = YES_ERROR;
				CLANG_WARN_RANGE_LOOP_ANALYSIS = YES;
				CLANG_WARN_STRICT_PROTOTYPES = YES;
				CLANG_WARN_SUSPICIOUS_MOVE = YES;
				CLANG_WARN_UNGUARDED_AVAILABILITY = YES_AGGRESSIVE;
				CLANG_WARN_UNREACHABLE_CODE = YES;
				CLANG_WARN__DUPLICATE_METHOD_MATCH = YES;
				CODE_SIGN_IDENTITY = "iPhone Developer";
				COPY_PHASE_STRIP = NO;
				DEBUG_INFORMATION_FORMAT = "dwarf-with-dsym";
				ENABLE_NS_ASSERTIONS = NO;
				ENABLE_STRICT_OBJC_MSGSEND = YES;
				GCC_C_LANGUAGE_STANDARD = gnu11;
				GCC_NO_COMMON_BLOCKS = YES;
				GCC_WARN_64_TO_32_BIT_CONVERSION = YES;
				GCC_WARN_ABOUT_RETURN_TYPE = YES_ERROR;
				GCC_WARN_UNDECLARED_SELECTOR = YES;
				GCC_WARN_UNINITIALIZED_AUTOS = YES_AGGRESSIVE;
				GCC_WARN_UNUSED_FUNCTION = YES;
				GCC_WARN_UNUSED_VARIABLE = YES;
				IPHONEOS_DEPLOYMENT_TARGET = 11.2;
				MTL_ENABLE_DEBUG_INFO = NO;
				SDKROOT = iphoneos;
				SWIFT_OPTIMIZATION_LEVEL = "-Owholemodule";
				VALIDATE_PRODUCT = YES;
			};
			name = Release;
		};
		04008A66217556A2002C79F5 /* Debug */ = {
			isa = XCBuildConfiguration;
			baseConfigurationReference = 73179BF0E49D9B1E1E382D14 /* Pods-zone.debug.xcconfig */;
			buildSettings = {
				ASSETCATALOG_COMPILER_APPICON_NAME = AppIcon;
				CODE_SIGN_STYLE = Automatic;
				DEVELOPMENT_TEAM = 79J3C467UK;
				INFOPLIST_FILE = zone/Info.plist;
				LD_RUNPATH_SEARCH_PATHS = "$(inherited) @executable_path/Frameworks";
				PRODUCT_BUNDLE_IDENTIFIER = HBTGames.zone;
				PRODUCT_NAME = "$(TARGET_NAME)";
				SWIFT_VERSION = 4.0;
				TARGETED_DEVICE_FAMILY = "1,2";
			};
			name = Debug;
		};
		04008A67217556A2002C79F5 /* Release */ = {
			isa = XCBuildConfiguration;
			baseConfigurationReference = 45F60D13EEF3F9BA63BD5F05 /* Pods-zone.release.xcconfig */;
			buildSettings = {
				ASSETCATALOG_COMPILER_APPICON_NAME = AppIcon;
				CODE_SIGN_STYLE = Automatic;
				DEVELOPMENT_TEAM = 79J3C467UK;
				INFOPLIST_FILE = zone/Info.plist;
				LD_RUNPATH_SEARCH_PATHS = "$(inherited) @executable_path/Frameworks";
				PRODUCT_BUNDLE_IDENTIFIER = HBTGames.zone;
				PRODUCT_NAME = "$(TARGET_NAME)";
				SWIFT_VERSION = 4.0;
				TARGETED_DEVICE_FAMILY = "1,2";
			};
			name = Release;
		};
		04008A69217556A2002C79F5 /* Debug */ = {
			isa = XCBuildConfiguration;
			buildSettings = {
				ALWAYS_EMBED_SWIFT_STANDARD_LIBRARIES = YES;
				BUNDLE_LOADER = "$(TEST_HOST)";
				CODE_SIGN_STYLE = Automatic;
				DEVELOPMENT_TEAM = A6J8KWVY5P;
				INFOPLIST_FILE = zoneTests/Info.plist;
				LD_RUNPATH_SEARCH_PATHS = "$(inherited) @executable_path/Frameworks @loader_path/Frameworks";
				PRODUCT_BUNDLE_IDENTIFIER = HBTGames.zoneTests;
				PRODUCT_NAME = "$(TARGET_NAME)";
				SWIFT_VERSION = 4.0;
				TARGETED_DEVICE_FAMILY = "1,2";
				TEST_HOST = "$(BUILT_PRODUCTS_DIR)/zone.app/zone";
			};
			name = Debug;
		};
		04008A6A217556A2002C79F5 /* Release */ = {
			isa = XCBuildConfiguration;
			buildSettings = {
				ALWAYS_EMBED_SWIFT_STANDARD_LIBRARIES = YES;
				BUNDLE_LOADER = "$(TEST_HOST)";
				CODE_SIGN_STYLE = Automatic;
				DEVELOPMENT_TEAM = A6J8KWVY5P;
				INFOPLIST_FILE = zoneTests/Info.plist;
				LD_RUNPATH_SEARCH_PATHS = "$(inherited) @executable_path/Frameworks @loader_path/Frameworks";
				PRODUCT_BUNDLE_IDENTIFIER = HBTGames.zoneTests;
				PRODUCT_NAME = "$(TARGET_NAME)";
				SWIFT_VERSION = 4.0;
				TARGETED_DEVICE_FAMILY = "1,2";
				TEST_HOST = "$(BUILT_PRODUCTS_DIR)/zone.app/zone";
			};
			name = Release;
		};
		04008A6C217556A2002C79F5 /* Debug */ = {
			isa = XCBuildConfiguration;
			buildSettings = {
				ALWAYS_EMBED_SWIFT_STANDARD_LIBRARIES = YES;
				CODE_SIGN_STYLE = Automatic;
				DEVELOPMENT_TEAM = A6J8KWVY5P;
				INFOPLIST_FILE = zoneUITests/Info.plist;
				LD_RUNPATH_SEARCH_PATHS = "$(inherited) @executable_path/Frameworks @loader_path/Frameworks";
				PRODUCT_BUNDLE_IDENTIFIER = HBTGames.zoneUITests;
				PRODUCT_NAME = "$(TARGET_NAME)";
				SWIFT_VERSION = 4.0;
				TARGETED_DEVICE_FAMILY = "1,2";
				TEST_TARGET_NAME = zone;
			};
			name = Debug;
		};
		04008A6D217556A2002C79F5 /* Release */ = {
			isa = XCBuildConfiguration;
			buildSettings = {
				ALWAYS_EMBED_SWIFT_STANDARD_LIBRARIES = YES;
				CODE_SIGN_STYLE = Automatic;
				DEVELOPMENT_TEAM = A6J8KWVY5P;
				INFOPLIST_FILE = zoneUITests/Info.plist;
				LD_RUNPATH_SEARCH_PATHS = "$(inherited) @executable_path/Frameworks @loader_path/Frameworks";
				PRODUCT_BUNDLE_IDENTIFIER = HBTGames.zoneUITests;
				PRODUCT_NAME = "$(TARGET_NAME)";
				SWIFT_VERSION = 4.0;
				TARGETED_DEVICE_FAMILY = "1,2";
				TEST_TARGET_NAME = zone;
			};
			name = Release;
		};
/* End XCBuildConfiguration section */

/* Begin XCConfigurationList section */
		04008A38217556A2002C79F5 /* Build configuration list for PBXProject "zone" */ = {
			isa = XCConfigurationList;
			buildConfigurations = (
				04008A63217556A2002C79F5 /* Debug */,
				04008A64217556A2002C79F5 /* Release */,
			);
			defaultConfigurationIsVisible = 0;
			defaultConfigurationName = Release;
		};
		04008A65217556A2002C79F5 /* Build configuration list for PBXNativeTarget "zone" */ = {
			isa = XCConfigurationList;
			buildConfigurations = (
				04008A66217556A2002C79F5 /* Debug */,
				04008A67217556A2002C79F5 /* Release */,
			);
			defaultConfigurationIsVisible = 0;
			defaultConfigurationName = Release;
		};
		04008A68217556A2002C79F5 /* Build configuration list for PBXNativeTarget "zoneTests" */ = {
			isa = XCConfigurationList;
			buildConfigurations = (
				04008A69217556A2002C79F5 /* Debug */,
				04008A6A217556A2002C79F5 /* Release */,
			);
			defaultConfigurationIsVisible = 0;
			defaultConfigurationName = Release;
		};
		04008A6B217556A2002C79F5 /* Build configuration list for PBXNativeTarget "zoneUITests" */ = {
			isa = XCConfigurationList;
			buildConfigurations = (
				04008A6C217556A2002C79F5 /* Debug */,
				04008A6D217556A2002C79F5 /* Release */,
			);
			defaultConfigurationIsVisible = 0;
			defaultConfigurationName = Release;
		};
/* End XCConfigurationList section */
	};
	rootObject = 04008A35217556A2002C79F5 /* Project object */;
}
